{
  "name": "library-loader-checks",
  "version": "1.0.0",
  "lockfileVersion": 1,
  "requires": true,
  "dependencies": {
    "@babel/runtime": {
      "version": "7.7.6",
      "resolved": "https://registry.npmjs.org/@babel/runtime/-/runtime-7.7.6.tgz",
      "integrity": "sha512-BWAJxpNVa0QlE5gZdWjSxXtemZyZ9RmrmVozxt3NUXeZhVIJ5ANyqmMc0JDrivBZyxUuQvFxlvH4OWWOogGfUw==",
      "requires": {
        "regenerator-runtime": "^0.13.2"
      }
    },
    "regenerator-runtime": {
      "version": "0.13.3",
      "resolved": "https://registry.npmjs.org/regenerator-runtime/-/regenerator-runtime-0.13.3.tgz",
      "integrity": "sha512-naKIZz2GQ8JWh///G7L3X6LaQUAMp2lvb1rvwwsURe/VXwD6VMfr+/1NuNw3ag8v2kY1aQ/go5SNn79O9JU7yw=="
    },
    "sax": {
      "version": "1.2.4",
      "resolved": "https://registry.npmjs.org/sax/-/sax-1.2.4.tgz",
      "integrity": "sha512-NqVDv9TpANUjFm0N8uM5GxL36UgKi9/atZw+x7YFnQ8ckwFGKrl4xX4yWtrey3UJm5nP1kUbnYgLopqWNSRhWw=="
    },
    "xml-js": {
      "version": "1.6.11",
      "resolved": "https://registry.npmjs.org/xml-js/-/xml-js-1.6.11.tgz",
      "integrity": "sha512-7rVi2KMfwfWFl+GpPg6m80IVMWXLRjO+PxTq7V2CDhoGak0wzYzFgUY2m4XJ47OGdXd8eLE8EmwfAmdjw7lC1g==",
      "requires": {
        "sax": "^1.2.4"
      }
    },
    "yaml": {
      "version": "1.7.2",
      "resolved": "https://registry.npmjs.org/yaml/-/yaml-1.7.2.tgz",
      "integrity": "sha512-qXROVp90sb83XtAoqE8bP9RwAkTTZbugRUTm5YeFCBfNRPEp2YzTeqWiz7m5OORHzEvrA/qcGS8hp/E+MMROYw==",
      "requires": {
        "@babel/runtime": "^7.6.3"
      }
    }
  }
}
